
Microsoft Visual Studio Solution File, Format Version 11.00
# Visual Studio 2010
Project("{FAE04EC0-301F-11D3-BF4B-00C04F79EFBC}") = "GrowtopiaMusicSimulatorReborn", "GrowtopiaMusicSimulatorReborn\GrowtopiaMusicSimulatorReborn.csproj", "{1FEAD6F5-23B8-4BB6-85AC-62CA35171DF7}"
EndProject
Global
	GlobalSection(SolutionConfigurationPlatforms) = preSolution
		Debug|Any CPU = Debug|Any CPU
		Release|Any CPU = Release|Any CPU
	EndGlobalSection
	GlobalSection(ProjectConfigurationPlatforms) = postSolution
		{1FEAD6F5-23B8-4BB6-85AC-62CA35171DF7}.Debug|Any CPU.ActiveCfg = Debug|Any CPU
		{1FEAD6F5-23B8-4BB6-85AC-62CA35171DF7}.Debug|Any CPU.Build.0 = Debug|Any CPU
		{1FEAD6F5-23B8-4BB6-85AC-62CA35171DF7}.Release|Any CPU.ActiveCfg = Release|Any CPU
		{1FEAD6F5-23B8-4BB6-85AC-62CA35171DF7}.Release|Any CPU.Build.0 = Release|Any CPU
	EndGlobalSection
EndGlobal
